{
  "name": "BASLaw",
  "version": "0.1.0",
  "lockfileVersion": 1,
  "requires": true,
  "dependencies": {
    "@vuepress/plugin-nprogress": {
      "version": "1.7.1",
      "resolved": "https://registry.npmjs.org/@vuepress/plugin-nprogress/-/plugin-nprogress-1.7.1.tgz",
      "integrity": "sha512-KtqfI3RitbsEbm22EhbooTvhjfMf6zttKlbND7LcyJwP3MEPVYyzQJuET03hk9z4SgCfNV2r/W3sYyejzzTMog==",
      "requires": {
        "nprogress": "^0.2.0"
      }
    },
    "nprogress": {
      "version": "0.2.0",
      "resolved": "https://registry.npmjs.org/nprogress/-/nprogress-0.2.0.tgz",
      "integrity": "sha1-y480xTIT2JVyP8urkH6UIq28r7E="
    }
  }
}
